
Microsoft Visual Studio Solution File, Format Version 12.00
# Visual Studio Version 16
VisualStudioVersion = 16.0.32002.261
MinimumVisualStudioVersion = 10.0.40219.1
Project("{FAE04EC0-301F-11D3-BF4B-00C04F79EFBC}") = "01_KomodoCafe.Repository", "01_KomodoCafe.Repository\01_KomodoCafe.Repository.csproj", "{F095ACB1-7620-4971-BE20-42B07B0635D0}"
EndProject
Project("{FAE04EC0-301F-11D3-BF4B-00C04F79EFBC}") = "01_KomodoCafe.UI", "01_KomodoCafe.UI\01_KomodoCafe.UI.csproj", "{D0D52828-3972-4CF5-96F0-FD62A7E8C1D9}"
EndProject
Project("{FAE04EC0-301F-11D3-BF4B-00C04F79EFBC}") = "01_KomodoCafe.Tests", "01_KomodoCafe.Tests\01_KomodoCafe.Tests.csproj", "{F5BEB6FA-5091-498C-8437-0573EC066033}"
EndProject
Project("{FAE04EC0-301F-11D3-BF4B-00C04F79EFBC}") = "06_KomodoGreenPlan.Repository", "06_KomodoGreenPlan.Repository\06_KomodoGreenPlan.Repository.csproj", "{A5FB6207-FE99-42E5-AB91-B93ED1DF0161}"
EndProject
Project("{FAE04EC0-301F-11D3-BF4B-00C04F79EFBC}") = "06_KomodoGreenPlan.Tests", "06_KomodoGreenPlan.Tests\06_KomodoGreenPlan.Tests.csproj", "{28B93413-EB0C-44E1-BDAE-9FD04545850F}"
EndProject
Project("{FAE04EC0-301F-11D3-BF4B-00C04F79EFBC}") = "06_KomodoGreenPlan.UI", "06_KomodoGreenPlan.UI\06_KomodoGreenPlan.UI.csproj", "{B7C807E3-8876-4E15-8C8A-7C50FE3BB6C1}"
EndProject
Project("{FAE04EC0-301F-11D3-BF4B-00C04F79EFBC}") = "03_KomodoBadges.UI", "03_KomodoBadges.UI\03_KomodoBadges.UI.csproj", "{A2CA7DA5-A0F1-4F4F-8351-35A9D5F84B44}"
EndProject
Project("{FAE04EC0-301F-11D3-BF4B-00C04F79EFBC}") = "03_KomodoBadges.Repository", "03_KomodoBadges.Repository\03_KomodoBadges.Repository.csproj", "{0931F620-08BC-4402-B8BE-4A12C81CBCCC}"
EndProject
Project("{FAE04EC0-301F-11D3-BF4B-00C04F79EFBC}") = "03_KomodoBadges.Tests", "03_KomodoBadges.Tests\03_KomodoBadges.Tests.csproj", "{67040BE6-6F47-4F71-90C5-9F32C37978A3}"
EndProject
Project("{FAE04EC0-301F-11D3-BF4B-00C04F79EFBC}") = "04_KomodoOutings.Repository", "04_KomodoOutings.Repository\04_KomodoOutings.Repository.csproj", "{FC61F73B-4A78-44EA-B708-35EF48B7DF11}"
EndProject
Project("{FAE04EC0-301F-11D3-BF4B-00C04F79EFBC}") = "04_KomodoOutings.Tests", "04_KomodoOutings.Tests\04_KomodoOutings.Tests.csproj", "{CF94258E-CEC9-41B9-B73A-C77E4EB9DF30}"
EndProject
Project("{FAE04EC0-301F-11D3-BF4B-00C04F79EFBC}") = "04_KomodoOutings.UI", "04_KomodoOutings.UI\04_KomodoOutings.UI.csproj", "{7093A30C-2667-4DE5-BC73-A7EF917E561B}"
EndProject
Global
	GlobalSection(SolutionConfigurationPlatforms) = preSolution
		Debug|Any CPU = Debug|Any CPU
		Release|Any CPU = Release|Any CPU
	EndGlobalSection
	GlobalSection(ProjectConfigurationPlatforms) = postSolution
		{F095ACB1-7620-4971-BE20-42B07B0635D0}.Debug|Any CPU.ActiveCfg = Debug|Any CPU
		{F095ACB1-7620-4971-BE20-42B07B0635D0}.Debug|Any CPU.Build.0 = Debug|Any CPU
		{F095ACB1-7620-4971-BE20-42B07B0635D0}.Release|Any CPU.ActiveCfg = Release|Any CPU
		{F095ACB1-7620-4971-BE20-42B07B0635D0}.Release|Any CPU.Build.0 = Release|Any CPU
		{D0D52828-3972-4CF5-96F0-FD62A7E8C1D9}.Debug|Any CPU.ActiveCfg = Debug|Any CPU
		{D0D52828-3972-4CF5-96F0-FD62A7E8C1D9}.Debug|Any CPU.Build.0 = Debug|Any CPU
		{D0D52828-3972-4CF5-96F0-FD62A7E8C1D9}.Release|Any CPU.ActiveCfg = Release|Any CPU
		{D0D52828-3972-4CF5-96F0-FD62A7E8C1D9}.Release|Any CPU.Build.0 = Release|Any CPU
		{F5BEB6FA-5091-498C-8437-0573EC066033}.Debug|Any CPU.ActiveCfg = Debug|Any CPU
		{F5BEB6FA-5091-498C-8437-0573EC066033}.Debug|Any CPU.Build.0 = Debug|Any CPU
		{F5BEB6FA-5091-498C-8437-0573EC066033}.Release|Any CPU.ActiveCfg = Release|Any CPU
		{F5BEB6FA-5091-498C-8437-0573EC066033}.Release|Any CPU.Build.0 = Release|Any CPU
		{A5FB6207-FE99-42E5-AB91-B93ED1DF0161}.Debug|Any CPU.ActiveCfg = Debug|Any CPU
		{A5FB6207-FE99-42E5-AB91-B93ED1DF0161}.Debug|Any CPU.Build.0 = Debug|Any CPU
		{A5FB6207-FE99-42E5-AB91-B93ED1DF0161}.Release|Any CPU.ActiveCfg = Release|Any CPU
		{A5FB6207-FE99-42E5-AB91-B93ED1DF0161}.Release|Any CPU.Build.0 = Release|Any CPU
		{28B93413-EB0C-44E1-BDAE-9FD04545850F}.Debug|Any CPU.ActiveCfg = Debug|Any CPU
		{28B93413-EB0C-44E1-BDAE-9FD04545850F}.Debug|Any CPU.Build.0 = Debug|Any CPU
		{28B93413-EB0C-44E1-BDAE-9FD04545850F}.Release|Any CPU.ActiveCfg = Release|Any CPU
		{28B93413-EB0C-44E1-BDAE-9FD04545850F}.Release|Any CPU.Build.0 = Release|Any CPU
		{B7C807E3-8876-4E15-8C8A-7C50FE3BB6C1}.Debug|Any CPU.ActiveCfg = Debug|Any CPU
		{B7C807E3-8876-4E15-8C8A-7C50FE3BB6C1}.Debug|Any CPU.Build.0 = Debug|Any CPU
		{B7C807E3-8876-4E15-8C8A-7C50FE3BB6C1}.Release|Any CPU.ActiveCfg = Release|Any CPU
		{B7C807E3-8876-4E15-8C8A-7C50FE3BB6C1}.Release|Any CPU.Build.0 = Release|Any CPU
		{A2CA7DA5-A0F1-4F4F-8351-35A9D5F84B44}.Debug|Any CPU.ActiveCfg = Debug|Any CPU
		{A2CA7DA5-A0F1-4F4F-8351-35A9D5F84B44}.Debug|Any CPU.Build.0 = Debug|Any CPU
		{A2CA7DA5-A0F1-4F4F-8351-35A9D5F84B44}.Release|Any CPU.ActiveCfg = Release|Any CPU
		{A2CA7DA5-A0F1-4F4F-8351-35A9D5F84B44}.Release|Any CPU.Build.0 = Release|Any CPU
		{0931F620-08BC-4402-B8BE-4A12C81CBCCC}.Debug|Any CPU.ActiveCfg = Debug|Any CPU
		{0931F620-08BC-4402-B8BE-4A12C81CBCCC}.Debug|Any CPU.Build.0 = Debug|Any CPU
		{0931F620-08BC-4402-B8BE-4A12C81CBCCC}.Release|Any CPU.ActiveCfg = Release|Any CPU
		{0931F620-08BC-4402-B8BE-4A12C81CBCCC}.Release|Any CPU.Build.0 = Release|Any CPU
		{67040BE6-6F47-4F71-90C5-9F32C37978A3}.Debug|Any CPU.ActiveCfg = Debug|Any CPU
		{67040BE6-6F47-4F71-90C5-9F32C37978A3}.Debug|Any CPU.Build.0 = Debug|Any CPU
		{67040BE6-6F47-4F71-90C5-9F32C37978A3}.Release|Any CPU.ActiveCfg = Release|Any CPU
		{67040BE6-6F47-4F71-90C5-9F32C37978A3}.Release|Any CPU.Build.0 = Release|Any CPU
		{FC61F73B-4A78-44EA-B708-35EF48B7DF11}.Debug|Any CPU.ActiveCfg = Debug|Any CPU
		{FC61F73B-4A78-44EA-B708-35EF48B7DF11}.Debug|Any CPU.Build.0 = Debug|Any CPU
		{FC61F73B-4A78-44EA-B708-35EF48B7DF11}.Release|Any CPU.ActiveCfg = Release|Any CPU
		{FC61F73B-4A78-44EA-B708-35EF48B7DF11}.Release|Any CPU.Build.0 = Release|Any CPU
		{CF94258E-CEC9-41B9-B73A-C77E4EB9DF30}.Debug|Any CPU.ActiveCfg = Debug|Any CPU
		{CF94258E-CEC9-41B9-B73A-C77E4EB9DF30}.Debug|Any CPU.Build.0 = Debug|Any CPU
		{CF94258E-CEC9-41B9-B73A-C77E4EB9DF30}.Release|Any CPU.ActiveCfg = Release|Any CPU
		{CF94258E-CEC9-41B9-B73A-C77E4EB9DF30}.Release|Any CPU.Build.0 = Release|Any CPU
		{7093A30C-2667-4DE5-BC73-A7EF917E561B}.Debug|Any CPU.ActiveCfg = Debug|Any CPU
		{7093A30C-2667-4DE5-BC73-A7EF917E561B}.Debug|Any CPU.Build.0 = Debug|Any CPU
		{7093A30C-2667-4DE5-BC73-A7EF917E561B}.Release|Any CPU.ActiveCfg = Release|Any CPU
		{7093A30C-2667-4DE5-BC73-A7EF917E561B}.Release|Any CPU.Build.0 = Release|Any CPU
	EndGlobalSection
	GlobalSection(SolutionProperties) = preSolution
		HideSolutionNode = FALSE
	EndGlobalSection
	GlobalSection(ExtensibilityGlobals) = postSolution
		SolutionGuid = {890FD368-B1DD-4898-8094-9B9F99831A16}
	EndGlobalSection
EndGlobal
